
Microsoft Visual Studio Solution File, Format Version 12.00
# Visual Studio 15
VisualStudioVersion = 15.0.27004.2002
MinimumVisualStudioVersion = 10.0.40219.1
Project("{FAE04EC0-301F-11D3-BF4B-00C04F79EFBC}") = "LargeFileUpload.Web", "LargeFileUpload.Web\LargeFileUpload.Web.csproj", "{42719692-E201-4915-AAC7-EC5A75A319AF}"
EndProject
Project("{FAE04EC0-301F-11D3-BF4B-00C04F79EFBC}") = "LargeFileUpload.Tests", "LargeFileUpload.Tests\LargeFileUpload.Tests.csproj", "{5D14DF09-44C3-4D59-9F3E-8DEBDEF81325}"
EndProject
Global
	GlobalSection(SolutionConfigurationPlatforms) = preSolution
		Debug|Any CPU = Debug|Any CPU
		Release|Any CPU = Release|Any CPU
	EndGlobalSection
	GlobalSection(ProjectConfigurationPlatforms) = postSolution
		{42719692-E201-4915-AAC7-EC5A75A319AF}.Debug|Any CPU.ActiveCfg = Debug|Any CPU
		{42719692-E201-4915-AAC7-EC5A75A319AF}.Debug|Any CPU.Build.0 = Debug|Any CPU
		{42719692-E201-4915-AAC7-EC5A75A319AF}.Release|Any CPU.ActiveCfg = Release|Any CPU
		{42719692-E201-4915-AAC7-EC5A75A319AF}.Release|Any CPU.Build.0 = Release|Any CPU
		{5D14DF09-44C3-4D59-9F3E-8DEBDEF81325}.Debug|Any CPU.ActiveCfg = Debug|Any CPU
		{5D14DF09-44C3-4D59-9F3E-8DEBDEF81325}.Debug|Any CPU.Build.0 = Debug|Any CPU
		{5D14DF09-44C3-4D59-9F3E-8DEBDEF81325}.Release|Any CPU.ActiveCfg = Release|Any CPU
		{5D14DF09-44C3-4D59-9F3E-8DEBDEF81325}.Release|Any CPU.Build.0 = Release|Any CPU
	EndGlobalSection
	GlobalSection(SolutionProperties) = preSolution
		HideSolutionNode = FALSE
	EndGlobalSection
	GlobalSection(ExtensibilityGlobals) = postSolution
		SolutionGuid = {7E18A09C-9148-4DAD-8465-F9CDD64F2660}
	EndGlobalSection
EndGlobal
